
Microsoft Visual Studio Solution File, Format Version 12.00
# Visual Studio 15
VisualStudioVersion = 15.0.27130.2010
MinimumVisualStudioVersion = 10.0.40219.1
Project("{9A19103F-16F7-4668-BE54-9A1E7A4F7556}") = "Pocket.Json.KnownTypes", "Pocket.Json.KnownTypes\Pocket.Json.KnownTypes.csproj", "{94CE02D9-32BA-4715-BAE0-04E95263DE57}"
EndProject
Project("{2150E333-8FDC-42A3-9474-1A3956D46DE8}") = ".build", ".build", "{6CBFE0DF-E136-4004-9704-3AAFFE15FD00}"
	ProjectSection(SolutionItems) = preProject
		..\build.fsx = ..\build.fsx
		..\build.tools.fsx = ..\build.tools.fsx
		..\CHANGES.md = ..\CHANGES.md
		..\paket.dependencies = ..\paket.dependencies
		..\README.md = ..\README.md
	EndProjectSection
EndProject
Project("{FAE04EC0-301F-11D3-BF4B-00C04F79EFBC}") = "Pocket.Json.KnownTypes.Test", "Pocket.Json.KnownTypes.Test\Pocket.Json.KnownTypes.Test.csproj", "{0378470E-2D27-4061-89AB-62ED216DEDE1}"
EndProject
Global
	GlobalSection(SolutionConfigurationPlatforms) = preSolution
		Debug|Any CPU = Debug|Any CPU
		Release|Any CPU = Release|Any CPU
	EndGlobalSection
	GlobalSection(ProjectConfigurationPlatforms) = postSolution
		{94CE02D9-32BA-4715-BAE0-04E95263DE57}.Debug|Any CPU.ActiveCfg = Debug|Any CPU
		{94CE02D9-32BA-4715-BAE0-04E95263DE57}.Debug|Any CPU.Build.0 = Debug|Any CPU
		{94CE02D9-32BA-4715-BAE0-04E95263DE57}.Release|Any CPU.ActiveCfg = Release|Any CPU
		{94CE02D9-32BA-4715-BAE0-04E95263DE57}.Release|Any CPU.Build.0 = Release|Any CPU
		{0378470E-2D27-4061-89AB-62ED216DEDE1}.Debug|Any CPU.ActiveCfg = Debug|Any CPU
		{0378470E-2D27-4061-89AB-62ED216DEDE1}.Debug|Any CPU.Build.0 = Debug|Any CPU
		{0378470E-2D27-4061-89AB-62ED216DEDE1}.Release|Any CPU.ActiveCfg = Release|Any CPU
		{0378470E-2D27-4061-89AB-62ED216DEDE1}.Release|Any CPU.Build.0 = Release|Any CPU
	EndGlobalSection
	GlobalSection(SolutionProperties) = preSolution
		HideSolutionNode = FALSE
	EndGlobalSection
	GlobalSection(ExtensibilityGlobals) = postSolution
		SolutionGuid = {FA497C8F-AD3B-4C3E-BC4D-DFF7B04944AA}
	EndGlobalSection
EndGlobal
